
Microsoft Visual Studio Solution File, Format Version 12.00
# Visual Studio 14
VisualStudioVersion = 14.0.24720.0
MinimumVisualStudioVersion = 10.0.40219.1
Project("{FAE04EC0-301F-11D3-BF4B-00C04F79EFBC}") = "CartaMei", "CartaMei\CartaMei.csproj", "{E6FFE0D3-0571-46F3-8F16-48FF306235E0}"
	ProjectSection(ProjectDependencies) = postProject
		{4B844A42-DE2F-4741-873F-DF44C1264E1C} = {4B844A42-DE2F-4741-873F-DF44C1264E1C}
	EndProjectSection
EndProject
Project("{FAE04EC0-301F-11D3-BF4B-00C04F79EFBC}") = "GSHHG", "GSHHG\GSHHG.csproj", "{4B844A42-DE2F-4741-873F-DF44C1264E1C}"
EndProject
Project("{FAE04EC0-301F-11D3-BF4B-00C04F79EFBC}") = "CartaMeiCommon", "CartaMeiCommon\CartaMeiCommon.csproj", "{38948164-D77C-43ED-A3A0-100DE6D38514}"
EndProject
Project("{2150E333-8FDC-42A3-9474-1A3956D46DE8}") = "Plugins", "Plugins", "{B829CA23-B30F-48B9-B87D-84C306E31DBE}"
EndProject
Project("{2150E333-8FDC-42A3-9474-1A3956D46DE8}") = "Solution Items", "Solution Items", "{45DB1A78-2EBE-46F9-BA77-F49758E98C76}"
	ProjectSection(SolutionItems) = preProject
		LICENSE.txt = LICENSE.txt
		README.md = README.md
		TODO.txt = TODO.txt
	EndProjectSection
EndProject
Project("{FAE04EC0-301F-11D3-BF4B-00C04F79EFBC}") = "Mercator", "Mercator\Mercator.csproj", "{51521CE9-BC34-41C9-8AB6-B175942D3519}"
EndProject
Global
	GlobalSection(SolutionConfigurationPlatforms) = preSolution
		Debug|Any CPU = Debug|Any CPU
		Release|Any CPU = Release|Any CPU
	EndGlobalSection
	GlobalSection(ProjectConfigurationPlatforms) = postSolution
		{E6FFE0D3-0571-46F3-8F16-48FF306235E0}.Debug|Any CPU.ActiveCfg = Debug|Any CPU
		{E6FFE0D3-0571-46F3-8F16-48FF306235E0}.Debug|Any CPU.Build.0 = Debug|Any CPU
		{E6FFE0D3-0571-46F3-8F16-48FF306235E0}.Release|Any CPU.ActiveCfg = Release|Any CPU
		{E6FFE0D3-0571-46F3-8F16-48FF306235E0}.Release|Any CPU.Build.0 = Release|Any CPU
		{4B844A42-DE2F-4741-873F-DF44C1264E1C}.Debug|Any CPU.ActiveCfg = Debug|Any CPU
		{4B844A42-DE2F-4741-873F-DF44C1264E1C}.Debug|Any CPU.Build.0 = Debug|Any CPU
		{4B844A42-DE2F-4741-873F-DF44C1264E1C}.Release|Any CPU.ActiveCfg = Release|Any CPU
		{4B844A42-DE2F-4741-873F-DF44C1264E1C}.Release|Any CPU.Build.0 = Release|Any CPU
		{38948164-D77C-43ED-A3A0-100DE6D38514}.Debug|Any CPU.ActiveCfg = Debug|Any CPU
		{38948164-D77C-43ED-A3A0-100DE6D38514}.Debug|Any CPU.Build.0 = Debug|Any CPU
		{38948164-D77C-43ED-A3A0-100DE6D38514}.Release|Any CPU.ActiveCfg = Release|Any CPU
		{38948164-D77C-43ED-A3A0-100DE6D38514}.Release|Any CPU.Build.0 = Release|Any CPU
		{51521CE9-BC34-41C9-8AB6-B175942D3519}.Debug|Any CPU.ActiveCfg = Debug|Any CPU
		{51521CE9-BC34-41C9-8AB6-B175942D3519}.Debug|Any CPU.Build.0 = Debug|Any CPU
		{51521CE9-BC34-41C9-8AB6-B175942D3519}.Release|Any CPU.ActiveCfg = Release|Any CPU
		{51521CE9-BC34-41C9-8AB6-B175942D3519}.Release|Any CPU.Build.0 = Release|Any CPU
	EndGlobalSection
	GlobalSection(SolutionProperties) = preSolution
		HideSolutionNode = FALSE
	EndGlobalSection
	GlobalSection(NestedProjects) = preSolution
		{4B844A42-DE2F-4741-873F-DF44C1264E1C} = {B829CA23-B30F-48B9-B87D-84C306E31DBE}
		{51521CE9-BC34-41C9-8AB6-B175942D3519} = {B829CA23-B30F-48B9-B87D-84C306E31DBE}
	EndGlobalSection
EndGlobal
